// !$*UTF8*$!
{
	archiveVersion = 1;
	classes = {
	};
	objectVersion = 46;
	objects = {

/* Begin PBXBuildFile section */
		330810D314D4783700DBBBDC /* HUDLayer.mm in Sources */ = {isa = PBXBuildFile; fileRef = 330810D214D4783700DBBBDC /* HUDLayer.mm */; };
		3323B13714D46ADF009A20C2 /* MoveAction.mm in Sources */ = {isa = PBXBuildFile; fileRef = 3323B13614D46ADF009A20C2 /* MoveAction.mm */; };
		74949DF714D4C8A700F9BB5C /* hud.png in Resources */ = {isa = PBXBuildFile; fileRef = 74949DF614D4C8A700F9BB5C /* hud.png */; };
		74B38E4414D48AAD0063B3C9 /* player.png in Resources */ = {isa = PBXBuildFile; fileRef = 74B38E4214D48AAD0063B3C9 /* player.png */; };
		74B38E6D14D4C4110063B3C9 /* hud.plist in Resources */ = {isa = PBXBuildFile; fileRef = 74B38E6B14D4C4110063B3C9 /* hud.plist */; };
		84B414E814D3E980001AE794 /* AppDelegate.mm in Sources */ = {isa = PBXBuildFile; fileRef = 84B414CD14D3E980001AE794 /* AppDelegate.mm */; };
		84B414E914D3E980001AE794 /* ContactListener.mm in Sources */ = {isa = PBXBuildFile; fileRef = 84B414CF14D3E980001AE794 /* ContactListener.mm */; };
		84B414EA14D3E980001AE794 /* GameContext.mm in Sources */ = {isa = PBXBuildFile; fileRef = 84B414D214D3E980001AE794 /* GameContext.mm */; };
		84B414EB14D3E980001AE794 /* Level.mm in Sources */ = {isa = PBXBuildFile; fileRef = 84B414D414D3E980001AE794 /* Level.mm */; };
		84B414EC14D3E980001AE794 /* CollisionVolume.mm in Sources */ = {isa = PBXBuildFile; fileRef = 84B414D714D3E980001AE794 /* CollisionVolume.mm */; };
		84B414ED14D3E980001AE794 /* Player.mm in Sources */ = {isa = PBXBuildFile; fileRef = 84B414D914D3E980001AE794 /* Player.mm */; };
		84B414EE14D3E980001AE794 /* PlayerActionContext.mm in Sources */ = {isa = PBXBuildFile; fileRef = 84B414DB14D3E980001AE794 /* PlayerActionContext.mm */; };
		84B414EF14D3E980001AE794 /* GLES-Render.mm in Sources */ = {isa = PBXBuildFile; fileRef = 84B414DD14D3E980001AE794 /* GLES-Render.mm */; };
		84B414F014D3E980001AE794 /* CollisionManager.mm in Sources */ = {isa = PBXBuildFile; fileRef = 84B414E014D3E980001AE794 /* CollisionManager.mm */; };
		84B414F114D3E980001AE794 /* ObjectManager.mm in Sources */ = {isa = PBXBuildFile; fileRef = 84B414E214D3E980001AE794 /* ObjectManager.mm */; };
		84B414F214D3E980001AE794 /* PhysicsLayer.mm in Sources */ = {isa = PBXBuildFile; fileRef = 84B414E414D3E980001AE794 /* PhysicsLayer.mm */; };
		84B4151214D3F075001AE794 /* blocks.png in Resources */ = {isa = PBXBuildFile; fileRef = 84B4151014D3F075001AE794 /* blocks.png */; };
		84B4151314D3F075001AE794 /* level01.tmx in Resources */ = {isa = PBXBuildFile; fileRef = 84B4151114D3F075001AE794 /* level01.tmx */; };
		84B4151614D3F49F001AE794 /* Menu.mm in Sources */ = {isa = PBXBuildFile; fileRef = 84B4151514D3F49E001AE794 /* Menu.mm */; };
		84B4151914D3F588001AE794 /* NEUROPOL.ttf in Resources */ = {isa = PBXBuildFile; fileRef = 84B4151814D3F588001AE794 /* NEUROPOL.ttf */; };
		DC193EC113B6969B00500B56 /* (null) in Resources */ = {isa = PBXBuildFile; };
		DC193EC313B6969B00500B56 /* (null) in Resources */ = {isa = PBXBuildFile; };
		DC485B1113AA0E5600F2BC70 /* libchipmunk-mac.a in Frameworks */ = {isa = PBXBuildFile; fileRef = DC485B0D13AA0E5600F2BC70 /* libchipmunk-mac.a */; };
		DC485B1713AA0EBB00F2BC70 /* libbox2d-mac.a in Frameworks */ = {isa = PBXBuildFile; fileRef = DC485B1613AA0EBB00F2BC70 /* libbox2d-mac.a */; };
		DC485B4613AA18A600F2BC70 /* libcocosdenshion-mac.a in Frameworks */ = {isa = PBXBuildFile; fileRef = DC485B4513AA18A600F2BC70 /* libcocosdenshion-mac.a */; };
		DC65615C13A969B600A7AC53 /* libbox2d-ios.a in Frameworks */ = {isa = PBXBuildFile; fileRef = DC65615013A969B600A7AC53 /* libbox2d-ios.a */; };
		DC65615D13A969B600A7AC53 /* libchipmunk-ios.a in Frameworks */ = {isa = PBXBuildFile; fileRef = DC65615113A969B600A7AC53 /* libchipmunk-ios.a */; };
		DC65615E13A969B600A7AC53 /* libchipmunk-spacemanager-ios.a in Frameworks */ = {isa = PBXBuildFile; fileRef = DC65615213A969B600A7AC53 /* libchipmunk-spacemanager-ios.a */; };
		DC65616013A969B600A7AC53 /* libcocos2d-extensions-ios.a in Frameworks */ = {isa = PBXBuildFile; fileRef = DC65615413A969B600A7AC53 /* libcocos2d-extensions-ios.a */; };
		DC65616113A969B600A7AC53 /* libcocos2d-ios.a in Frameworks */ = {isa = PBXBuildFile; fileRef = DC65615513A969B600A7AC53 /* libcocos2d-ios.a */; };
		DC65616213A969B600A7AC53 /* libcocos3d-ios.a in Frameworks */ = {isa = PBXBuildFile; fileRef = DC65615613A969B600A7AC53 /* libcocos3d-ios.a */; };
		DC65616313A969B600A7AC53 /* libcocosdenshion-ios.a in Frameworks */ = {isa = PBXBuildFile; fileRef = DC65615713A969B600A7AC53 /* libcocosdenshion-ios.a */; };
		DC65616413A969B600A7AC53 /* libkobold2d-ios.a in Frameworks */ = {isa = PBXBuildFile; fileRef = DC65615813A969B600A7AC53 /* libkobold2d-ios.a */; };
		DC65616513A969B600A7AC53 /* libobjectal-ios.a in Frameworks */ = {isa = PBXBuildFile; fileRef = DC65615913A969B600A7AC53 /* libobjectal-ios.a */; };
		DC65616613A969B600A7AC53 /* libsneakyinput-ios.a in Frameworks */ = {isa = PBXBuildFile; fileRef = DC65615A13A969B600A7AC53 /* libsneakyinput-ios.a */; };
		DC65616713A969B600A7AC53 /* libwax-ios.a in Frameworks */ = {isa = PBXBuildFile; fileRef = DC65615B13A969B600A7AC53 /* libwax-ios.a */; };
		DC979E3E13B35F8800656CB9 /* libcocos2d-extensions-mac.a in Frameworks */ = {isa = PBXBuildFile; fileRef = DC979E3D13B35F8800656CB9 /* libcocos2d-extensions-mac.a */; };
		DC979E5A13B3607E00656CB9 /* libchipmunk-spacemanager-mac.a in Frameworks */ = {isa = PBXBuildFile; fileRef = DC979E5913B3607E00656CB9 /* libchipmunk-spacemanager-mac.a */; };
		DCC1A0FA13A94ED5005BD75D /* Default.png in Resources */ = {isa = PBXBuildFile; fileRef = DCC1A0F913A94ED5005BD75D /* Default.png */; };
		DCC1A0FC13A94ED5005BD75D /* fps_images.png in Resources */ = {isa = PBXBuildFile; fileRef = DCC1A0FB13A94ED5005BD75D /* fps_images.png */; };
		DCC1A0FE13A94ED5005BD75D /* Icon-72.png in Resources */ = {isa = PBXBuildFile; fileRef = DCC1A0FD13A94ED5005BD75D /* Icon-72.png */; };
		DCC1A10013A94ED5005BD75D /* Icon-Small-50.png in Resources */ = {isa = PBXBuildFile; fileRef = DCC1A0FF13A94ED5005BD75D /* Icon-Small-50.png */; };
		DCC1A10213A94ED5005BD75D /* Icon-Small.png in Resources */ = {isa = PBXBuildFile; fileRef = DCC1A10113A94ED5005BD75D /* Icon-Small.png */; };
		DCC1A10413A94ED5005BD75D /* Icon-Small@2x.png in Resources */ = {isa = PBXBuildFile; fileRef = DCC1A10313A94ED5005BD75D /* Icon-Small@2x.png */; };
		DCC1A10613A94ED5005BD75D /* Icon.png in Resources */ = {isa = PBXBuildFile; fileRef = DCC1A10513A94ED5005BD75D /* Icon.png */; };
		DCC1A10813A94ED5005BD75D /* Icon@2x.png in Resources */ = {isa = PBXBuildFile; fileRef = DCC1A10713A94ED5005BD75D /* Icon@2x.png */; };
		DCC1A10B13A94ED5005BD75D /* iTunesArtwork in Resources */ = {isa = PBXBuildFile; fileRef = DCC1A10A13A94ED5005BD75D /* iTunesArtwork */; };
		DCC1A26913A94EE6005BD75D /* InfoPlist.strings in Resources */ = {isa = PBXBuildFile; fileRef = DCC1A26713A94EE6005BD75D /* InfoPlist.strings */; };
		DCC1A26C13A94EE6005BD75D /* MainMenu.xib in Resources */ = {isa = PBXBuildFile; fileRef = DCC1A26A13A94EE6005BD75D /* MainMenu.xib */; };
		DCC1A26E13A94EE6005BD75D /* fps_images.png in Resources */ = {isa = PBXBuildFile; fileRef = DCC1A26D13A94EE6005BD75D /* fps_images.png */; };
		DCC1A27013A94EE6005BD75D /* icon.icns in Resources */ = {isa = PBXBuildFile; fileRef = DCC1A26F13A94EE6005BD75D /* icon.icns */; };
		DCC1A3AD13A94F1A005BD75D /* main.mm in Sources */ = {isa = PBXBuildFile; fileRef = DCC1A39113A94F1A005BD75D /* main.mm */; };
		DCC1A3AE13A94F1A005BD75D /* main.mm in Sources */ = {isa = PBXBuildFile; fileRef = DCC1A39113A94F1A005BD75D /* main.mm */; };
		DCC1A3AF13A94F1A005BD75D /* config.lua in Resources */ = {isa = PBXBuildFile; fileRef = DCC1A39513A94F1A005BD75D /* config.lua */; };
		DCC1A3B013A94F1A005BD75D /* config.lua in Resources */ = {isa = PBXBuildFile; fileRef = DCC1A39513A94F1A005BD75D /* config.lua */; };
		DCF95CD213A97EC500AE3B80 /* libcocos2d-mac.a in Frameworks */ = {isa = PBXBuildFile; fileRef = DCF95CC913A97EC500AE3B80 /* libcocos2d-mac.a */; };
		DCF95CD413A97EC500AE3B80 /* libkobold2d-mac.a in Frameworks */ = {isa = PBXBuildFile; fileRef = DCF95CCB13A97EC500AE3B80 /* libkobold2d-mac.a */; };
		DCF95CD513A97EC500AE3B80 /* libwax-mac.a in Frameworks */ = {isa = PBXBuildFile; fileRef = DCF95CCC13A97EC500AE3B80 /* libwax-mac.a */; };
		DCFA90F013B4F811009DD386 /* GameWorldLayer.m in Sources */ = {isa = PBXBuildFile; fileRef = DCFA90F013B4F811009DD385 /* GameWorldLayer.m */; };
/* End PBXBuildFile section */

/* Begin PBXContainerItemProxy section */
		DCFA90F013B4F811009DD35D /* PBXContainerItemProxy */ = {
			isa = PBXContainerItemProxy;
			containerPortal = DCFA90F013B4F811009DD35B /* Kobold2D-Libraries.xcodeproj */;
			proxyType = 2;
			remoteGlobalIDString = 3E3299088A5C016AD678D699;
			remoteInfo = "cocos2d-ios";
		};
		DCFA90F013B4F811009DD35F /* PBXContainerItemProxy */ = {
			isa = PBXContainerItemProxy;
			containerPortal = DCFA90F013B4F811009DD35B /* Kobold2D-Libraries.xcodeproj */;
			proxyType = 2;
			remoteGlobalIDString = 84F6B10A278B94B37794771E;
			remoteInfo = "cocos2d-mac";
		};
		DCFA90F013B4F811009DD361 /* PBXContainerItemProxy */ = {
			isa = PBXContainerItemProxy;
			containerPortal = DCFA90F013B4F811009DD35B /* Kobold2D-Libraries.xcodeproj */;
			proxyType = 2;
			remoteGlobalIDString = E108CE44FE55209F5CA24A40;
			remoteInfo = "wax-ios";
		};
		DCFA90F013B4F811009DD363 /* PBXContainerItemProxy */ = {
			isa = PBXContainerItemProxy;
			containerPortal = DCFA90F013B4F811009DD35B /* Kobold2D-Libraries.xcodeproj */;
			proxyType = 2;
			remoteGlobalIDString = 5EC0D42110BE2C9C268023D3;
			remoteInfo = "wax-mac";
		};
		DCFA90F013B4F811009DD365 /* PBXContainerItemProxy */ = {
			isa = PBXContainerItemProxy;
			containerPortal = DCFA90F013B4F811009DD35B /* Kobold2D-Libraries.xcodeproj */;
			proxyType = 2;
			remoteGlobalIDString = 0FEB4BE9CA0AEF7DF102754D;
			remoteInfo = "kobold2d-ios";
		};
		DCFA90F013B4F811009DD367 /* PBXContainerItemProxy */ = {
			isa = PBXContainerItemProxy;
			containerPortal = DCFA90F013B4F811009DD35B /* Kobold2D-Libraries.xcodeproj */;
			proxyType = 2;
			remoteGlobalIDString = 4570F01FEB6DB7E407B7FF85;
			remoteInfo = "kobold2d-mac";
		};
		DCFA90F013B4F811009DD369 /* PBXContainerItemProxy */ = {
			isa = PBXContainerItemProxy;
			containerPortal = DCFA90F013B4F811009DD35B /* Kobold2D-Libraries.xcodeproj */;
			proxyType = 2;
			remoteGlobalIDString = F536B48A512809FB7A185B80;
			remoteInfo = "cocosdenshion-ios";
		};
		DCFA90F013B4F811009DD36B /* PBXContainerItemProxy */ = {
			isa = PBXContainerItemProxy;
			containerPortal = DCFA90F013B4F811009DD35B /* Kobold2D-Libraries.xcodeproj */;
			proxyType = 2;
			remoteGlobalIDString = 13C9A9C6A3BA739EE965409B;
			remoteInfo = "cocosdenshion-mac";
		};
		DCFA90F013B4F811009DD36D /* PBXContainerItemProxy */ = {
			isa = PBXContainerItemProxy;
			containerPortal = DCFA90F013B4F811009DD35B /* Kobold2D-Libraries.xcodeproj */;
			proxyType = 2;
			remoteGlobalIDString = F8AAE773496D49AE609A4E0F;
			remoteInfo = "objectal-ios";
		};
		DCFA90F013B4F811009DD36F /* PBXContainerItemProxy */ = {
			isa = PBXContainerItemProxy;
			containerPortal = DCFA90F013B4F811009DD35B /* Kobold2D-Libraries.xcodeproj */;
			proxyType = 2;
			remoteGlobalIDString = 12886E62CFB6CA013C95DA1E;
			remoteInfo = "box2d-ios";
		};
		DCFA90F013B4F811009DD371 /* PBXContainerItemProxy */ = {
			isa = PBXContainerItemProxy;
			containerPortal = DCFA90F013B4F811009DD35B /* Kobold2D-Libraries.xcodeproj */;
			proxyType = 2;
			remoteGlobalIDString = 7E2A25C61ED9FE3A181A6A91;
			remoteInfo = "box2d-mac";
		};
		DCFA90F013B4F811009DD373 /* PBXContainerItemProxy */ = {
			isa = PBXContainerItemProxy;
			containerPortal = DCFA90F013B4F811009DD35B /* Kobold2D-Libraries.xcodeproj */;
			proxyType = 2;
			remoteGlobalIDString = C989063BA183CF0006D28A47;
			remoteInfo = "chipmunk-ios";
		};
		DCFA90F013B4F811009DD375 /* PBXContainerItemProxy */ = {
			isa = PBXContainerItemProxy;
			containerPortal = DCFA90F013B4F811009DD35B /* Kobold2D-Libraries.xcodeproj */;
			proxyType = 2;
			remoteGlobalIDString = DDB4808259E24053DE7D411D;
			remoteInfo = "chipmunk-mac";
		};
		DCFA90F013B4F811009DD377 /* PBXContainerItemProxy */ = {
			isa = PBXContainerItemProxy;
			containerPortal = DCFA90F013B4F811009DD35B /* Kobold2D-Libraries.xcodeproj */;
			proxyType = 2;
			remoteGlobalIDString = ED0B5C7E6035965B02097062;
			remoteInfo = "chipmunk-spacemanager-ios";
		};
		DCFA90F013B4F811009DD379 /* PBXContainerItemProxy */ = {
			isa = PBXContainerItemProxy;
			containerPortal = DCFA90F013B4F811009DD35B /* Kobold2D-Libraries.xcodeproj */;
			proxyType = 2;
			remoteGlobalIDString = 63100DE88743E6650314476D;
			remoteInfo = "chipmunk-spacemanager-mac";
		};
		DCFA90F013B4F811009DD37B /* PBXContainerItemProxy */ = {
			isa = PBXContainerItemProxy;
			containerPortal = DCFA90F013B4F811009DD35B /* Kobold2D-Libraries.xcodeproj */;
			proxyType = 2;
			remoteGlobalIDString = 46A4943CF2B3766540A166F7;
			remoteInfo = "cocos3d-ios";
		};
		DCFA90F013B4F811009DD37D /* PBXContainerItemProxy */ = {
			isa = PBXContainerItemProxy;
			containerPortal = DCFA90F013B4F811009DD35B /* Kobold2D-Libraries.xcodeproj */;
			proxyType = 2;
			remoteGlobalIDString = A5FF5F27C69F76DD0421C291;
			remoteInfo = "cocos2d-extensions-ios";
		};
		DCFA90F013B4F811009DD37F /* PBXContainerItemProxy */ = {
			isa = PBXContainerItemProxy;
			containerPortal = DCFA90F013B4F811009DD35B /* Kobold2D-Libraries.xcodeproj */;
			proxyType = 2;
			remoteGlobalIDString = BF81079F4769BED709C8C0D5;
			remoteInfo = "cocos2d-extensions-mac";
		};
		DCFA90F013B4F811009DD381 /* PBXContainerItemProxy */ = {
			isa = PBXContainerItemProxy;
			containerPortal = DCFA90F013B4F811009DD35B /* Kobold2D-Libraries.xcodeproj */;
			proxyType = 2;
			remoteGlobalIDString = C9B68AAB704204ED642A774E;
			remoteInfo = "sneakyinput-ios";
		};
/* End PBXContainerItemProxy section */

/* Begin PBXFileReference section */
		330810D114D4783700DBBBDC /* HUDLayer.h */ = {isa = PBXFileReference; fileEncoding = 4; lastKnownFileType = sourcecode.c.h; path = HUDLayer.h; sourceTree = "<group>"; };
		330810D214D4783700DBBBDC /* HUDLayer.mm */ = {isa = PBXFileReference; fileEncoding = 4; lastKnownFileType = sourcecode.cpp.objcpp; path = HUDLayer.mm; sourceTree = "<group>"; };
		3323B13514D46ADF009A20C2 /* MoveAction.h */ = {isa = PBXFileReference; fileEncoding = 4; lastKnownFileType = sourcecode.c.h; path = MoveAction.h; sourceTree = "<group>"; };
		3323B13614D46ADF009A20C2 /* MoveAction.mm */ = {isa = PBXFileReference; fileEncoding = 4; lastKnownFileType = sourcecode.cpp.objcpp; path = MoveAction.mm; sourceTree = "<group>"; };
		74949DF614D4C8A700F9BB5C /* hud.png */ = {isa = PBXFileReference; lastKnownFileType = image.png; path = hud.png; sourceTree = "<group>"; };
		74B38E4214D48AAD0063B3C9 /* player.png */ = {isa = PBXFileReference; lastKnownFileType = image.png; path = player.png; sourceTree = "<group>"; };
		74B38E6B14D4C4110063B3C9 /* hud.plist */ = {isa = PBXFileReference; fileEncoding = 4; lastKnownFileType = text.plist.xml; path = hud.plist; sourceTree = "<group>"; };
		84B414CC14D3E980001AE794 /* AppDelegate.h */ = {isa = PBXFileReference; fileEncoding = 4; lastKnownFileType = sourcecode.c.h; path = AppDelegate.h; sourceTree = "<group>"; };
		84B414CD14D3E980001AE794 /* AppDelegate.mm */ = {isa = PBXFileReference; fileEncoding = 4; lastKnownFileType = sourcecode.cpp.objcpp; path = AppDelegate.mm; sourceTree = "<group>"; };
		84B414CE14D3E980001AE794 /* ContactListener.h */ = {isa = PBXFileReference; fileEncoding = 4; lastKnownFileType = sourcecode.c.h; path = ContactListener.h; sourceTree = "<group>"; };
		84B414CF14D3E980001AE794 /* ContactListener.mm */ = {isa = PBXFileReference; fileEncoding = 4; lastKnownFileType = sourcecode.cpp.objcpp; path = ContactListener.mm; sourceTree = "<group>"; };
		84B414D114D3E980001AE794 /* GameContext.h */ = {isa = PBXFileReference; fileEncoding = 4; lastKnownFileType = sourcecode.c.h; path = GameContext.h; sourceTree = "<group>"; };
		84B414D214D3E980001AE794 /* GameContext.mm */ = {isa = PBXFileReference; fileEncoding = 4; lastKnownFileType = sourcecode.cpp.objcpp; path = GameContext.mm; sourceTree = "<group>"; };
		84B414D314D3E980001AE794 /* Level.h */ = {isa = PBXFileReference; fileEncoding = 4; lastKnownFileType = sourcecode.c.h; path = Level.h; sourceTree = "<group>"; };
		84B414D414D3E980001AE794 /* Level.mm */ = {isa = PBXFileReference; fileEncoding = 4; lastKnownFileType = sourcecode.cpp.objcpp; path = Level.mm; sourceTree = "<group>"; };
		84B414D614D3E980001AE794 /* CollisionVolume.h */ = {isa = PBXFileReference; fileEncoding = 4; lastKnownFileType = sourcecode.c.h; path = CollisionVolume.h; sourceTree = "<group>"; };
		84B414D714D3E980001AE794 /* CollisionVolume.mm */ = {isa = PBXFileReference; fileEncoding = 4; lastKnownFileType = sourcecode.cpp.objcpp; path = CollisionVolume.mm; sourceTree = "<group>"; };
		84B414D814D3E980001AE794 /* Player.h */ = {isa = PBXFileReference; fileEncoding = 4; lastKnownFileType = sourcecode.c.h; path = Player.h; sourceTree = "<group>"; };
		84B414D914D3E980001AE794 /* Player.mm */ = {isa = PBXFileReference; fileEncoding = 4; lastKnownFileType = sourcecode.cpp.objcpp; path = Player.mm; sourceTree = "<group>"; };
		84B414DA14D3E980001AE794 /* PlayerActionContext.h */ = {isa = PBXFileReference; fileEncoding = 4; lastKnownFileType = sourcecode.c.h; path = PlayerActionContext.h; sourceTree = "<group>"; };
		84B414DB14D3E980001AE794 /* PlayerActionContext.mm */ = {isa = PBXFileReference; fileEncoding = 4; lastKnownFileType = sourcecode.cpp.objcpp; path = PlayerActionContext.mm; sourceTree = "<group>"; };
		84B414DC14D3E980001AE794 /* GLES-Render.h */ = {isa = PBXFileReference; fileEncoding = 4; lastKnownFileType = sourcecode.c.h; path = "GLES-Render.h"; sourceTree = "<group>"; };
		84B414DD14D3E980001AE794 /* GLES-Render.mm */ = {isa = PBXFileReference; fileEncoding = 4; lastKnownFileType = sourcecode.cpp.objcpp; path = "GLES-Render.mm"; sourceTree = "<group>"; };
		84B414DF14D3E980001AE794 /* CollisionManager.h */ = {isa = PBXFileReference; fileEncoding = 4; lastKnownFileType = sourcecode.c.h; path = CollisionManager.h; sourceTree = "<group>"; };
		84B414E014D3E980001AE794 /* CollisionManager.mm */ = {isa = PBXFileReference; fileEncoding = 4; lastKnownFileType = sourcecode.cpp.objcpp; path = CollisionManager.mm; sourceTree = "<group>"; };
		84B414E114D3E980001AE794 /* ObjectManager.h */ = {isa = PBXFileReference; fileEncoding = 4; lastKnownFileType = sourcecode.c.h; path = ObjectManager.h; sourceTree = "<group>"; };
		84B414E214D3E980001AE794 /* ObjectManager.mm */ = {isa = PBXFileReference; fileEncoding = 4; lastKnownFileType = sourcecode.cpp.objcpp; path = ObjectManager.mm; sourceTree = "<group>"; };
		84B414E314D3E980001AE794 /* PhysicsLayer.h */ = {isa = PBXFileReference; fileEncoding = 4; lastKnownFileType = sourcecode.c.h; path = PhysicsLayer.h; sourceTree = "<group>"; };
		84B414E414D3E980001AE794 /* PhysicsLayer.mm */ = {isa = PBXFileReference; fileEncoding = 4; lastKnownFileType = sourcecode.cpp.objcpp; path = PhysicsLayer.mm; sourceTree = "<group>"; };
		84B414E614D3E980001AE794 /* PlayerAction.h */ = {isa = PBXFileReference; fileEncoding = 4; lastKnownFileType = sourcecode.c.h; path = PlayerAction.h; sourceTree = "<group>"; };
		84B414E714D3E980001AE794 /* Updateable.h */ = {isa = PBXFileReference; fileEncoding = 4; lastKnownFileType = sourcecode.c.h; path = Updateable.h; sourceTree = "<group>"; };
		84B4151014D3F075001AE794 /* blocks.png */ = {isa = PBXFileReference; lastKnownFileType = image.png; path = blocks.png; sourceTree = "<group>"; };
		84B4151114D3F075001AE794 /* level01.tmx */ = {isa = PBXFileReference; fileEncoding = 4; lastKnownFileType = text.xml; path = level01.tmx; sourceTree = "<group>"; };
		84B4151414D3F49D001AE794 /* Menu.h */ = {isa = PBXFileReference; fileEncoding = 4; lastKnownFileType = sourcecode.c.h; path = Menu.h; sourceTree = "<group>"; };
		84B4151514D3F49E001AE794 /* Menu.mm */ = {isa = PBXFileReference; fileEncoding = 4; lastKnownFileType = sourcecode.cpp.objcpp; path = Menu.mm; sourceTree = "<group>"; };
		84B4151814D3F588001AE794 /* NEUROPOL.ttf */ = {isa = PBXFileReference; lastKnownFileType = file; path = NEUROPOL.ttf; sourceTree = "<group>"; };
		DC3BE97813B4FB71003739CC /* BuildSettings-iOS.xcconfig */ = {isa = PBXFileReference; lastKnownFileType = text.xcconfig; path = "BuildSettings-iOS.xcconfig"; sourceTree = "<group>"; };
		DC485B0D13AA0E5600F2BC70 /* libchipmunk-mac.a */ = {isa = PBXFileReference; explicitFileType = archive.ar; path = "libchipmunk-mac.a"; sourceTree = BUILT_PRODUCTS_DIR; };
		DC485B1613AA0EBB00F2BC70 /* libbox2d-mac.a */ = {isa = PBXFileReference; explicitFileType = archive.ar; path = "libbox2d-mac.a"; sourceTree = BUILT_PRODUCTS_DIR; };
		DC485B4513AA18A600F2BC70 /* libcocosdenshion-mac.a */ = {isa = PBXFileReference; explicitFileType = archive.ar; path = "libcocosdenshion-mac.a"; sourceTree = BUILT_PRODUCTS_DIR; };
		DC65615013A969B600A7AC53 /* libbox2d-ios.a */ = {isa = PBXFileReference; explicitFileType = archive.ar; path = "libbox2d-ios.a"; sourceTree = BUILT_PRODUCTS_DIR; };
		DC65615113A969B600A7AC53 /* libchipmunk-ios.a */ = {isa = PBXFileReference; explicitFileType = archive.ar; path = "libchipmunk-ios.a"; sourceTree = BUILT_PRODUCTS_DIR; };
		DC65615213A969B600A7AC53 /* libchipmunk-spacemanager-ios.a */ = {isa = PBXFileReference; explicitFileType = archive.ar; path = "libchipmunk-spacemanager-ios.a"; sourceTree = BUILT_PRODUCTS_DIR; };
		DC65615413A969B600A7AC53 /* libcocos2d-extensions-ios.a */ = {isa = PBXFileReference; explicitFileType = archive.ar; path = "libcocos2d-extensions-ios.a"; sourceTree = BUILT_PRODUCTS_DIR; };
		DC65615513A969B600A7AC53 /* libcocos2d-ios.a */ = {isa = PBXFileReference; explicitFileType = archive.ar; path = "libcocos2d-ios.a"; sourceTree = BUILT_PRODUCTS_DIR; };
		DC65615613A969B600A7AC53 /* libcocos3d-ios.a */ = {isa = PBXFileReference; explicitFileType = archive.ar; path = "libcocos3d-ios.a"; sourceTree = BUILT_PRODUCTS_DIR; };
		DC65615713A969B600A7AC53 /* libcocosdenshion-ios.a */ = {isa = PBXFileReference; explicitFileType = archive.ar; path = "libcocosdenshion-ios.a"; sourceTree = BUILT_PRODUCTS_DIR; };
		DC65615813A969B600A7AC53 /* libkobold2d-ios.a */ = {isa = PBXFileReference; explicitFileType = archive.ar; path = "libkobold2d-ios.a"; sourceTree = BUILT_PRODUCTS_DIR; };
		DC65615913A969B600A7AC53 /* libobjectal-ios.a */ = {isa = PBXFileReference; explicitFileType = archive.ar; path = "libobjectal-ios.a"; sourceTree = BUILT_PRODUCTS_DIR; };
		DC65615A13A969B600A7AC53 /* libsneakyinput-ios.a */ = {isa = PBXFileReference; explicitFileType = archive.ar; path = "libsneakyinput-ios.a"; sourceTree = BUILT_PRODUCTS_DIR; };
		DC65615B13A969B600A7AC53 /* libwax-ios.a */ = {isa = PBXFileReference; explicitFileType = archive.ar; path = "libwax-ios.a"; sourceTree = BUILT_PRODUCTS_DIR; };
		DC979E3D13B35F8800656CB9 /* libcocos2d-extensions-mac.a */ = {isa = PBXFileReference; explicitFileType = archive.ar; path = "libcocos2d-extensions-mac.a"; sourceTree = BUILT_PRODUCTS_DIR; };
		DC979E5913B3607E00656CB9 /* libchipmunk-spacemanager-mac.a */ = {isa = PBXFileReference; explicitFileType = archive.ar; path = "libchipmunk-spacemanager-mac.a"; sourceTree = BUILT_PRODUCTS_DIR; };
		DC9C33E713B5024400931BF2 /* BuildSettings-Debug-Mac.xcconfig */ = {isa = PBXFileReference; lastKnownFileType = text.xcconfig; path = "BuildSettings-Debug-Mac.xcconfig"; sourceTree = "<group>"; };
		DC9C33E813B5024400931BF2 /* BuildSettings-Mac.xcconfig */ = {isa = PBXFileReference; lastKnownFileType = text.xcconfig; path = "BuildSettings-Mac.xcconfig"; sourceTree = "<group>"; };
		DC9C33E913B5024400931BF2 /* BuildSettings-Release-Mac.xcconfig */ = {isa = PBXFileReference; lastKnownFileType = text.xcconfig; path = "BuildSettings-Release-Mac.xcconfig"; sourceTree = "<group>"; };
		DCC1A0E313A94ED5005BD75D /* Spectrum-Slider-iOS.app */ = {isa = PBXFileReference; explicitFileType = wrapper.application; includeInIndex = 0; path = "Spectrum-Slider-iOS.app"; sourceTree = BUILT_PRODUCTS_DIR; };
		DCC1A0F913A94ED5005BD75D /* Default.png */ = {isa = PBXFileReference; lastKnownFileType = image.png; name = Default.png; path = Resources/Default.png; sourceTree = "<group>"; };
		DCC1A0FB13A94ED5005BD75D /* fps_images.png */ = {isa = PBXFileReference; lastKnownFileType = image.png; name = fps_images.png; path = Resources/fps_images.png; sourceTree = "<group>"; };
		DCC1A0FD13A94ED5005BD75D /* Icon-72.png */ = {isa = PBXFileReference; lastKnownFileType = image.png; name = "Icon-72.png"; path = "Resources/Icon-72.png"; sourceTree = "<group>"; };
		DCC1A0FF13A94ED5005BD75D /* Icon-Small-50.png */ = {isa = PBXFileReference; lastKnownFileType = image.png; name = "Icon-Small-50.png"; path = "Resources/Icon-Small-50.png"; sourceTree = "<group>"; };
		DCC1A10113A94ED5005BD75D /* Icon-Small.png */ = {isa = PBXFileReference; lastKnownFileType = image.png; name = "Icon-Small.png"; path = "Resources/Icon-Small.png"; sourceTree = "<group>"; };
		DCC1A10313A94ED5005BD75D /* Icon-Small@2x.png */ = {isa = PBXFileReference; lastKnownFileType = image.png; name = "Icon-Small@2x.png"; path = "Resources/Icon-Small@2x.png"; sourceTree = "<group>"; };
		DCC1A10513A94ED5005BD75D /* Icon.png */ = {isa = PBXFileReference; lastKnownFileType = image.png; name = Icon.png; path = Resources/Icon.png; sourceTree = "<group>"; };
		DCC1A10713A94ED5005BD75D /* Icon@2x.png */ = {isa = PBXFileReference; lastKnownFileType = image.png; name = "Icon@2x.png"; path = "Resources/Icon@2x.png"; sourceTree = "<group>"; };
		DCC1A10913A94ED5005BD75D /* Info.plist */ = {isa = PBXFileReference; lastKnownFileType = text.plist.xml; name = Info.plist; path = Resources/Info.plist; sourceTree = "<group>"; };
		DCC1A10A13A94ED5005BD75D /* iTunesArtwork */ = {isa = PBXFileReference; lastKnownFileType = file; name = iTunesArtwork; path = Resources/iTunesArtwork; sourceTree = "<group>"; };
		DCC1A25A13A94EE6005BD75D /* Spectrum-Slider-Mac.app */ = {isa = PBXFileReference; explicitFileType = wrapper.application; includeInIndex = 0; path = "Spectrum-Slider-Mac.app"; sourceTree = BUILT_PRODUCTS_DIR; };
		DCC1A26813A94EE6005BD75D /* English */ = {isa = PBXFileReference; lastKnownFileType = text.plist.strings; name = English; path = Resources/English.lproj/InfoPlist.strings; sourceTree = "<group>"; };
		DCC1A26B13A94EE6005BD75D /* English */ = {isa = PBXFileReference; lastKnownFileType = file.xib; name = English; path = Resources/English.lproj/MainMenu.xib; sourceTree = "<group>"; };
		DCC1A26D13A94EE6005BD75D /* fps_images.png */ = {isa = PBXFileReference; lastKnownFileType = image.png; name = fps_images.png; path = Resources/fps_images.png; sourceTree = "<group>"; };
		DCC1A26F13A94EE6005BD75D /* icon.icns */ = {isa = PBXFileReference; lastKnownFileType = image.icns; name = icon.icns; path = Resources/icon.icns; sourceTree = "<group>"; };
		DCC1A27113A94EE6005BD75D /* Info.plist */ = {isa = PBXFileReference; lastKnownFileType = text.plist.xml; name = Info.plist; path = Resources/Info.plist; sourceTree = "<group>"; };
		DCC1A39113A94F1A005BD75D /* main.mm */ = {isa = PBXFileReference; fileEncoding = 4; lastKnownFileType = sourcecode.c.objc; path = main.mm; sourceTree = "<group>"; };
		DCC1A39213A94F1A005BD75D /* Prefix-iOS.pch */ = {isa = PBXFileReference; fileEncoding = 4; lastKnownFileType = sourcecode.c.h; path = "Prefix-iOS.pch"; sourceTree = "<group>"; };
		DCC1A39313A94F1A005BD75D /* Prefix-Mac.pch */ = {isa = PBXFileReference; fileEncoding = 4; lastKnownFileType = sourcecode.c.h; path = "Prefix-Mac.pch"; sourceTree = "<group>"; };
		DCC1A39513A94F1A005BD75D /* config.lua */ = {isa = PBXFileReference; explicitFileType = sourcecode.applescript; fileEncoding = 4; path = config.lua; sourceTree = "<group>"; };
		DCF95CC913A97EC500AE3B80 /* libcocos2d-mac.a */ = {isa = PBXFileReference; explicitFileType = archive.ar; path = "libcocos2d-mac.a"; sourceTree = BUILT_PRODUCTS_DIR; };
		DCF95CCB13A97EC500AE3B80 /* libkobold2d-mac.a */ = {isa = PBXFileReference; explicitFileType = archive.ar; path = "libkobold2d-mac.a"; sourceTree = BUILT_PRODUCTS_DIR; };
		DCF95CCC13A97EC500AE3B80 /* libwax-mac.a */ = {isa = PBXFileReference; explicitFileType = archive.ar; path = "libwax-mac.a"; sourceTree = BUILT_PRODUCTS_DIR; };
		DCFA90EF13B4F6F7009DD35A /* BuildSettings-Debug-iOS.xcconfig */ = {isa = PBXFileReference; lastKnownFileType = text.xcconfig; path = "BuildSettings-Debug-iOS.xcconfig"; sourceTree = "<group>"; };
		DCFA90F013B4F811009DD35A /* BuildSettings-Release-iOS.xcconfig */ = {isa = PBXFileReference; lastKnownFileType = text.xcconfig; path = "BuildSettings-Release-iOS.xcconfig"; sourceTree = "<group>"; };
		DCFA90F013B4F811009DD35B /* Kobold2D-Libraries.xcodeproj */ = {isa = PBXFileReference; lastKnownFileType = "wrapper.pb-project"; name = "Kobold2D-Libraries.xcodeproj"; path = "../__Kobold2D__/Kobold2D-Libraries.xcodeproj"; sourceTree = "<group>"; };
		DCFA90F013B4F811009DD385 /* GameWorldLayer.m */ = {isa = PBXFileReference; fileEncoding = 4; lastKnownFileType = sourcecode.c.objc; path = GameWorldLayer.m; sourceTree = "<group>"; };
		DCFA90F013B4F811009DD387 /* GameWorldLayer.h */ = {isa = PBXFileReference; fileEncoding = 4; lastKnownFileType = sourcecode.c.h; path = GameWorldLayer.h; sourceTree = "<group>"; };
		DCFA90F013B4F811009DD38A /* Displayable.h */ = {isa = PBXFileReference; fileEncoding = 4; lastKnownFileType = sourcecode.c.h; path = Displayable.h; sourceTree = "<group>"; };
/* End PBXFileReference section */

/* Begin PBXFrameworksBuildPhase section */
		DCC1A0E013A94ED5005BD75D /* Frameworks */ = {
			isa = PBXFrameworksBuildPhase;
			buildActionMask = 2147483647;
			files = (
				DC65615C13A969B600A7AC53 /* libbox2d-ios.a in Frameworks */,
				DC65615D13A969B600A7AC53 /* libchipmunk-ios.a in Frameworks */,
				DC65615E13A969B600A7AC53 /* libchipmunk-spacemanager-ios.a in Frameworks */,
				DC65616013A969B600A7AC53 /* libcocos2d-extensions-ios.a in Frameworks */,
				DC65616113A969B600A7AC53 /* libcocos2d-ios.a in Frameworks */,
				DC65616213A969B600A7AC53 /* libcocos3d-ios.a in Frameworks */,
				DC65616313A969B600A7AC53 /* libcocosdenshion-ios.a in Frameworks */,
				DC65616413A969B600A7AC53 /* libkobold2d-ios.a in Frameworks */,
				DC65616513A969B600A7AC53 /* libobjectal-ios.a in Frameworks */,
				DC65616613A969B600A7AC53 /* libsneakyinput-ios.a in Frameworks */,
				DC65616713A969B600A7AC53 /* libwax-ios.a in Frameworks */,
			);
			runOnlyForDeploymentPostprocessing = 0;
		};
		DCC1A25713A94EE6005BD75D /* Frameworks */ = {
			isa = PBXFrameworksBuildPhase;
			buildActionMask = 2147483647;
			files = (
				DC979E5A13B3607E00656CB9 /* libchipmunk-spacemanager-mac.a in Frameworks */,
				DC979E3E13B35F8800656CB9 /* libcocos2d-extensions-mac.a in Frameworks */,
				DC485B4613AA18A600F2BC70 /* libcocosdenshion-mac.a in Frameworks */,
				DC485B1713AA0EBB00F2BC70 /* libbox2d-mac.a in Frameworks */,
				DC485B1113AA0E5600F2BC70 /* libchipmunk-mac.a in Frameworks */,
				DCF95CD213A97EC500AE3B80 /* libcocos2d-mac.a in Frameworks */,
				DCF95CD413A97EC500AE3B80 /* libkobold2d-mac.a in Frameworks */,
				DCF95CD513A97EC500AE3B80 /* libwax-mac.a in Frameworks */,
			);
			runOnlyForDeploymentPostprocessing = 0;
		};
/* End PBXFrameworksBuildPhase section */

/* Begin PBXGroup section */
		74B38E4114D48AAD0063B3C9 /* Sprites */ = {
			isa = PBXGroup;
			children = (
				74949DF614D4C8A700F9BB5C /* hud.png */,
				74B38E6B14D4C4110063B3C9 /* hud.plist */,
				74B38E4214D48AAD0063B3C9 /* player.png */,
			);
			name = Sprites;
			path = Resources/Sprites;
			sourceTree = "<group>";
		};
		84B414D014D3E980001AE794 /* Controller */ = {
			isa = PBXGroup;
			children = (
				84B414D114D3E980001AE794 /* GameContext.h */,
				84B414D214D3E980001AE794 /* GameContext.mm */,
				84B414D314D3E980001AE794 /* Level.h */,
				84B414D414D3E980001AE794 /* Level.mm */,
			);
			path = Controller;
			sourceTree = "<group>";
		};
		84B414D514D3E980001AE794 /* Domain */ = {
			isa = PBXGroup;
			children = (
				3323B13514D46ADF009A20C2 /* MoveAction.h */,
				3323B13614D46ADF009A20C2 /* MoveAction.mm */,
				84B414D614D3E980001AE794 /* CollisionVolume.h */,
				84B414D714D3E980001AE794 /* CollisionVolume.mm */,
				84B414D814D3E980001AE794 /* Player.h */,
				84B414D914D3E980001AE794 /* Player.mm */,
				84B414DA14D3E980001AE794 /* PlayerActionContext.h */,
				84B414DB14D3E980001AE794 /* PlayerActionContext.mm */,
			);
			path = Domain;
			sourceTree = "<group>";
		};
		84B414DE14D3E980001AE794 /* Manager */ = {
			isa = PBXGroup;
			children = (
				84B414DF14D3E980001AE794 /* CollisionManager.h */,
				84B414E014D3E980001AE794 /* CollisionManager.mm */,
				84B414E114D3E980001AE794 /* ObjectManager.h */,
				84B414E214D3E980001AE794 /* ObjectManager.mm */,
			);
			path = Manager;
			sourceTree = "<group>";
		};
		84B414E514D3E980001AE794 /* Protocol */ = {
			isa = PBXGroup;
			children = (
				DCFA90F013B4F811009DD38A /* Displayable.h */,
				84B414E614D3E980001AE794 /* PlayerAction.h */,
				84B414E714D3E980001AE794 /* Updateable.h */,
			);
			path = Protocol;
			sourceTree = "<group>";
		};
		84B4150F14D3F075001AE794 /* Tilemaps */ = {
			isa = PBXGroup;
			children = (
				84B4151014D3F075001AE794 /* blocks.png */,
				84B4151114D3F075001AE794 /* level01.tmx */,
			);
			name = Tilemaps;
			path = Resources/Tilemaps;
			sourceTree = "<group>";
		};
		84B4151714D3F588001AE794 /* Fonts */ = {
			isa = PBXGroup;
			children = (
				84B4151814D3F588001AE794 /* NEUROPOL.ttf */,
			);
			name = Fonts;
			path = Resources/Fonts;
			sourceTree = "<group>";
		};
		DCC1A0D613A94EC0005BD75D = {
			isa = PBXGroup;
			children = (
				DCFA90F013B4F811009DD35B /* Kobold2D-Libraries.xcodeproj */,
				DCC1A38C13A94F1A005BD75D /* Projectfiles */,
				DCC1A0F713A94ED5005BD75D /* Projectfiles-iOS */,
				DCC1A26413A94EE6005BD75D /* Projectfiles-Mac */,
				DCFA90ED13B4F6A0009DD35A /* BuildSettings */,
				DCC1A0E613A94ED5005BD75D /* Frameworks */,
				DCC1A0E413A94ED5005BD75D /* Products */,
			);
			sourceTree = "<group>";
		};
		DCC1A0E413A94ED5005BD75D /* Products */ = {
			isa = PBXGroup;
			children = (
				DCC1A0E313A94ED5005BD75D /* Spectrum-Slider-iOS.app */,
				DCC1A25A13A94EE6005BD75D /* Spectrum-Slider-Mac.app */,
			);
			name = Products;
			sourceTree = "<group>";
		};
		DCC1A0E613A94ED5005BD75D /* Frameworks */ = {
			isa = PBXGroup;
			children = (
			);
			name = Frameworks;
			sourceTree = "<group>";
		};
		DCC1A0F713A94ED5005BD75D /* Projectfiles-iOS */ = {
			isa = PBXGroup;
			children = (
				DCC1A0F813A94ED5005BD75D /* Resources */,
			);
			path = "Projectfiles-iOS";
			sourceTree = "<group>";
		};
		DCC1A0F813A94ED5005BD75D /* Resources */ = {
			isa = PBXGroup;
			children = (
				74B38E4114D48AAD0063B3C9 /* Sprites */,
				84B4151714D3F588001AE794 /* Fonts */,
				84B4150F14D3F075001AE794 /* Tilemaps */,
				DCC1A0F913A94ED5005BD75D /* Default.png */,
				DCC1A0FB13A94ED5005BD75D /* fps_images.png */,
				DCC1A0FD13A94ED5005BD75D /* Icon-72.png */,
				DCC1A0FF13A94ED5005BD75D /* Icon-Small-50.png */,
				DCC1A10113A94ED5005BD75D /* Icon-Small.png */,
				DCC1A10313A94ED5005BD75D /* Icon-Small@2x.png */,
				DCC1A10513A94ED5005BD75D /* Icon.png */,
				DCC1A10713A94ED5005BD75D /* Icon@2x.png */,
				DCC1A10913A94ED5005BD75D /* Info.plist */,
				DCC1A10A13A94ED5005BD75D /* iTunesArtwork */,
			);
			name = Resources;
			sourceTree = "<group>";
		};
		DCC1A26413A94EE6005BD75D /* Projectfiles-Mac */ = {
			isa = PBXGroup;
			children = (
				DCC1A26513A94EE6005BD75D /* Resources */,
			);
			path = "Projectfiles-Mac";
			sourceTree = "<group>";
		};
		DCC1A26513A94EE6005BD75D /* Resources */ = {
			isa = PBXGroup;
			children = (
				DCC1A26D13A94EE6005BD75D /* fps_images.png */,
				DCC1A26F13A94EE6005BD75D /* icon.icns */,
				DCC1A27113A94EE6005BD75D /* Info.plist */,
				DCC1A26613A94EE6005BD75D /* English.lproj */,
			);
			name = Resources;
			sourceTree = "<group>";
		};
		DCC1A26613A94EE6005BD75D /* English.lproj */ = {
			isa = PBXGroup;
			children = (
				DCC1A26713A94EE6005BD75D /* InfoPlist.strings */,
				DCC1A26A13A94EE6005BD75D /* MainMenu.xib */,
			);
			name = English.lproj;
			sourceTree = "<group>";
		};
		DCC1A38C13A94F1A005BD75D /* Projectfiles */ = {
			isa = PBXGroup;
			children = (
				330810D114D4783700DBBBDC /* HUDLayer.h */,
				330810D214D4783700DBBBDC /* HUDLayer.mm */,
				DCFA90F013B4F811009DD387 /* GameWorldLayer.h */,
				DCFA90F013B4F811009DD385 /* GameWorldLayer.m */,
				84B414CC14D3E980001AE794 /* AppDelegate.h */,
				84B414CD14D3E980001AE794 /* AppDelegate.mm */,
				84B414CE14D3E980001AE794 /* ContactListener.h */,
				84B414CF14D3E980001AE794 /* ContactListener.mm */,
				84B414D014D3E980001AE794 /* Controller */,
				84B414D514D3E980001AE794 /* Domain */,
				84B414DC14D3E980001AE794 /* GLES-Render.h */,
				84B414DD14D3E980001AE794 /* GLES-Render.mm */,
				84B414DE14D3E980001AE794 /* Manager */,
				84B414E314D3E980001AE794 /* PhysicsLayer.h */,
				84B414E414D3E980001AE794 /* PhysicsLayer.mm */,
				84B414E514D3E980001AE794 /* Protocol */,
				DCC1A39413A94F1A005BD75D /* Resources */,
				DCC1A3CF13A94F2C005BD75D /* Supporting Files */,
				84B4151414D3F49D001AE794 /* Menu.h */,
				84B4151514D3F49E001AE794 /* Menu.mm */,
			);
			path = Projectfiles;
			sourceTree = "<group>";
		};
		DCC1A39413A94F1A005BD75D /* Resources */ = {
			isa = PBXGroup;
			children = (
				DCC1A39513A94F1A005BD75D /* config.lua */,
			);
			path = Resources;
			sourceTree = "<group>";
		};
		DCC1A3CF13A94F2C005BD75D /* Supporting Files */ = {
			isa = PBXGroup;
			children = (
				DCC1A39113A94F1A005BD75D /* main.mm */,
				DCC1A39213A94F1A005BD75D /* Prefix-iOS.pch */,
				DCC1A39313A94F1A005BD75D /* Prefix-Mac.pch */,
			);
			name = "Supporting Files";
			sourceTree = "<group>";
		};
		DCFA90ED13B4F6A0009DD35A /* BuildSettings */ = {
			isa = PBXGroup;
			children = (
				DCFA90EF13B4F6F7009DD35A /* BuildSettings-Debug-iOS.xcconfig */,
				DCFA90F013B4F811009DD35A /* BuildSettings-Release-iOS.xcconfig */,
				DC3BE97813B4FB71003739CC /* BuildSettings-iOS.xcconfig */,
				DC9C33E713B5024400931BF2 /* BuildSettings-Debug-Mac.xcconfig */,
				DC9C33E913B5024400931BF2 /* BuildSettings-Release-Mac.xcconfig */,
				DC9C33E813B5024400931BF2 /* BuildSettings-Mac.xcconfig */,
			);
			path = BuildSettings;
			sourceTree = "<group>";
		};
		DCFA90F013B4F811009DD35C /* Products */ = {
			isa = PBXGroup;
			children = (
				DCFA90F013B4F811009DD35E /* libcocos2d-ios.a */,
				DCFA90F013B4F811009DD360 /* libcocos2d-mac.a */,
				DCFA90F013B4F811009DD362 /* libwax-ios.a */,
				DCFA90F013B4F811009DD364 /* libwax-mac.a */,
				DCFA90F013B4F811009DD366 /* libkobold2d-ios.a */,
				DCFA90F013B4F811009DD368 /* libkobold2d-mac.a */,
				DCFA90F013B4F811009DD36A /* libcocosdenshion-ios.a */,
				DCFA90F013B4F811009DD36C /* libcocosdenshion-mac.a */,
				DCFA90F013B4F811009DD36E /* libobjectal-ios.a */,
				DCFA90F013B4F811009DD370 /* libbox2d-ios.a */,
				DCFA90F013B4F811009DD372 /* libbox2d-mac.a */,
				DCFA90F013B4F811009DD374 /* libchipmunk-ios.a */,
				DCFA90F013B4F811009DD376 /* libchipmunk-mac.a */,
				DCFA90F013B4F811009DD378 /* libchipmunk-spacemanager-ios.a */,
				DCFA90F013B4F811009DD37A /* libchipmunk-spacemanager-mac.a */,
				DCFA90F013B4F811009DD37C /* libcocos3d-ios.a */,
				DCFA90F013B4F811009DD37E /* libcocos2d-extensions-ios.a */,
				DCFA90F013B4F811009DD380 /* libcocos2d-extensions-mac.a */,
				DCFA90F013B4F811009DD382 /* libsneakyinput-ios.a */,
			);
			name = Products;
			sourceTree = "<group>";
		};
/* End PBXGroup section */

/* Begin PBXNativeTarget section */
		DCC1A0E213A94ED5005BD75D /* Spectrum-Slider-iOS */ = {
			isa = PBXNativeTarget;
			buildConfigurationList = DCC1A25313A94ED7005BD75D /* Build configuration list for PBXNativeTarget "Spectrum-Slider-iOS" */;
			buildPhases = (
				DCC1A0DF13A94ED5005BD75D /* Sources */,
				DCC1A0E013A94ED5005BD75D /* Frameworks */,
				DCC1A0E113A94ED5005BD75D /* Resources */,
			);
			buildRules = (
			);
			dependencies = (
			);
			name = "Spectrum-Slider-iOS";
			productName = "Hello-World-iOS";
			productReference = DCC1A0E313A94ED5005BD75D /* Spectrum-Slider-iOS.app */;
			productType = "com.apple.product-type.application";
		};
		DCC1A25913A94EE6005BD75D /* Spectrum-Slider-Mac */ = {
			isa = PBXNativeTarget;
			buildConfigurationList = DCC1A38913A94EE7005BD75D /* Build configuration list for PBXNativeTarget "Spectrum-Slider-Mac" */;
			buildPhases = (
				DCC1A25613A94EE6005BD75D /* Sources */,
				DCC1A25713A94EE6005BD75D /* Frameworks */,
				DCC1A25813A94EE6005BD75D /* Resources */,
			);
			buildRules = (
			);
			dependencies = (
			);
			name = "Spectrum-Slider-Mac";
			productName = "Hello-World-Mac";
			productReference = DCC1A25A13A94EE6005BD75D /* Spectrum-Slider-Mac.app */;
			productType = "com.apple.product-type.application";
		};
/* End PBXNativeTarget section */

/* Begin PBXProject section */
		DCC1A0D813A94EC0005BD75D /* Project object */ = {
			isa = PBXProject;
			attributes = {
				LastUpgradeCheck = 0420;
			};
			buildConfigurationList = DCC1A0DB13A94EC0005BD75D /* Build configuration list for PBXProject "Spectrum-Slider" */;
			compatibilityVersion = "Xcode 3.2";
			developmentRegion = English;
			hasScannedForEncodings = 0;
			knownRegions = (
				en,
				English,
			);
			mainGroup = DCC1A0D613A94EC0005BD75D;
			productRefGroup = DCC1A0E413A94ED5005BD75D /* Products */;
			projectDirPath = "";
			projectReferences = (
				{
					ProductGroup = DCFA90F013B4F811009DD35C /* Products */;
					ProjectRef = DCFA90F013B4F811009DD35B /* Kobold2D-Libraries.xcodeproj */;
				},
			);
			projectRoot = "";
			targets = (
				DCC1A0E213A94ED5005BD75D /* Spectrum-Slider-iOS */,
				DCC1A25913A94EE6005BD75D /* Spectrum-Slider-Mac */,
			);
		};
/* End PBXProject section */

/* Begin PBXReferenceProxy section */
		DCFA90F013B4F811009DD35E /* libcocos2d-ios.a */ = {
			isa = PBXReferenceProxy;
			fileType = archive.ar;
			path = "libcocos2d-ios.a";
			remoteRef = DCFA90F013B4F811009DD35D /* PBXContainerItemProxy */;
			sourceTree = BUILT_PRODUCTS_DIR;
		};
		DCFA90F013B4F811009DD360 /* libcocos2d-mac.a */ = {
			isa = PBXReferenceProxy;
			fileType = archive.ar;
			path = "libcocos2d-mac.a";
			remoteRef = DCFA90F013B4F811009DD35F /* PBXContainerItemProxy */;
			sourceTree = BUILT_PRODUCTS_DIR;
		};
		DCFA90F013B4F811009DD362 /* libwax-ios.a */ = {
			isa = PBXReferenceProxy;
			fileType = archive.ar;
			path = "libwax-ios.a";
			remoteRef = DCFA90F013B4F811009DD361 /* PBXContainerItemProxy */;
			sourceTree = BUILT_PRODUCTS_DIR;
		};
		DCFA90F013B4F811009DD364 /* libwax-mac.a */ = {
			isa = PBXReferenceProxy;
			fileType = archive.ar;
			path = "libwax-mac.a";
			remoteRef = DCFA90F013B4F811009DD363 /* PBXContainerItemProxy */;
			sourceTree = BUILT_PRODUCTS_DIR;
		};
		DCFA90F013B4F811009DD366 /* libkobold2d-ios.a */ = {
			isa = PBXReferenceProxy;
			fileType = archive.ar;
			path = "libkobold2d-ios.a";
			remoteRef = DCFA90F013B4F811009DD365 /* PBXContainerItemProxy */;
			sourceTree = BUILT_PRODUCTS_DIR;
		};
		DCFA90F013B4F811009DD368 /* libkobold2d-mac.a */ = {
			isa = PBXReferenceProxy;
			fileType = archive.ar;
			path = "libkobold2d-mac.a";
			remoteRef = DCFA90F013B4F811009DD367 /* PBXContainerItemProxy */;
			sourceTree = BUILT_PRODUCTS_DIR;
		};
		DCFA90F013B4F811009DD36A /* libcocosdenshion-ios.a */ = {
			isa = PBXReferenceProxy;
			fileType = archive.ar;
			path = "libcocosdenshion-ios.a";
			remoteRef = DCFA90F013B4F811009DD369 /* PBXContainerItemProxy */;
			sourceTree = BUILT_PRODUCTS_DIR;
		};
		DCFA90F013B4F811009DD36C /* libcocosdenshion-mac.a */ = {
			isa = PBXReferenceProxy;
			fileType = archive.ar;
			path = "libcocosdenshion-mac.a";
			remoteRef = DCFA90F013B4F811009DD36B /* PBXContainerItemProxy */;
			sourceTree = BUILT_PRODUCTS_DIR;
		};
		DCFA90F013B4F811009DD36E /* libobjectal-ios.a */ = {
			isa = PBXReferenceProxy;
			fileType = archive.ar;
			path = "libobjectal-ios.a";
			remoteRef = DCFA90F013B4F811009DD36D /* PBXContainerItemProxy */;
			sourceTree = BUILT_PRODUCTS_DIR;
		};
		DCFA90F013B4F811009DD370 /* libbox2d-ios.a */ = {
			isa = PBXReferenceProxy;
			fileType = archive.ar;
			path = "libbox2d-ios.a";
			remoteRef = DCFA90F013B4F811009DD36F /* PBXContainerItemProxy */;
			sourceTree = BUILT_PRODUCTS_DIR;
		};
		DCFA90F013B4F811009DD372 /* libbox2d-mac.a */ = {
			isa = PBXReferenceProxy;
			fileType = archive.ar;
			path = "libbox2d-mac.a";
			remoteRef = DCFA90F013B4F811009DD371 /* PBXContainerItemProxy */;
			sourceTree = BUILT_PRODUCTS_DIR;
		};
		DCFA90F013B4F811009DD374 /* libchipmunk-ios.a */ = {
			isa = PBXReferenceProxy;
			fileType = archive.ar;
			path = "libchipmunk-ios.a";
			remoteRef = DCFA90F013B4F811009DD373 /* PBXContainerItemProxy */;
			sourceTree = BUILT_PRODUCTS_DIR;
		};
		DCFA90F013B4F811009DD376 /* libchipmunk-mac.a */ = {
			isa = PBXReferenceProxy;
			fileType = archive.ar;
			path = "libchipmunk-mac.a";
			remoteRef = DCFA90F013B4F811009DD375 /* PBXContainerItemProxy */;
			sourceTree = BUILT_PRODUCTS_DIR;
		};
		DCFA90F013B4F811009DD378 /* libchipmunk-spacemanager-ios.a */ = {
			isa = PBXReferenceProxy;
			fileType = archive.ar;
			path = "libchipmunk-spacemanager-ios.a";
			remoteRef = DCFA90F013B4F811009DD377 /* PBXContainerItemProxy */;
			sourceTree = BUILT_PRODUCTS_DIR;
		};
		DCFA90F013B4F811009DD37A /* libchipmunk-spacemanager-mac.a */ = {
			isa = PBXReferenceProxy;
			fileType = archive.ar;
			path = "libchipmunk-spacemanager-mac.a";
			remoteRef = DCFA90F013B4F811009DD379 /* PBXContainerItemProxy */;
			sourceTree = BUILT_PRODUCTS_DIR;
		};
		DCFA90F013B4F811009DD37C /* libcocos3d-ios.a */ = {
			isa = PBXReferenceProxy;
			fileType = archive.ar;
			path = "libcocos3d-ios.a";
			remoteRef = DCFA90F013B4F811009DD37B /* PBXContainerItemProxy */;
			sourceTree = BUILT_PRODUCTS_DIR;
		};
		DCFA90F013B4F811009DD37E /* libcocos2d-extensions-ios.a */ = {
			isa = PBXReferenceProxy;
			fileType = archive.ar;
			path = "libcocos2d-extensions-ios.a";
			remoteRef = DCFA90F013B4F811009DD37D /* PBXContainerItemProxy */;
			sourceTree = BUILT_PRODUCTS_DIR;
		};
		DCFA90F013B4F811009DD380 /* libcocos2d-extensions-mac.a */ = {
			isa = PBXReferenceProxy;
			fileType = archive.ar;
			path = "libcocos2d-extensions-mac.a";
			remoteRef = DCFA90F013B4F811009DD37F /* PBXContainerItemProxy */;
			sourceTree = BUILT_PRODUCTS_DIR;
		};
		DCFA90F013B4F811009DD382 /* libsneakyinput-ios.a */ = {
			isa = PBXReferenceProxy;
			fileType = archive.ar;
			path = "libsneakyinput-ios.a";
			remoteRef = DCFA90F013B4F811009DD381 /* PBXContainerItemProxy */;
			sourceTree = BUILT_PRODUCTS_DIR;
		};
/* End PBXReferenceProxy section */

/* Begin PBXResourcesBuildPhase section */
		DCC1A0E113A94ED5005BD75D /* Resources */ = {
			isa = PBXResourcesBuildPhase;
			buildActionMask = 2147483647;
			files = (
				DCC1A0FA13A94ED5005BD75D /* Default.png in Resources */,
				DCC1A0FC13A94ED5005BD75D /* fps_images.png in Resources */,
				DCC1A0FE13A94ED5005BD75D /* Icon-72.png in Resources */,
				DCC1A10013A94ED5005BD75D /* Icon-Small-50.png in Resources */,
				DCC1A10213A94ED5005BD75D /* Icon-Small.png in Resources */,
				DCC1A10413A94ED5005BD75D /* Icon-Small@2x.png in Resources */,
				DCC1A10613A94ED5005BD75D /* Icon.png in Resources */,
				DCC1A10813A94ED5005BD75D /* Icon@2x.png in Resources */,
				DCC1A10B13A94ED5005BD75D /* iTunesArtwork in Resources */,
				DCC1A3AF13A94F1A005BD75D /* config.lua in Resources */,
				DC193EC113B6969B00500B56 /* (null) in Resources */,
				DC193EC313B6969B00500B56 /* (null) in Resources */,
				84B4151214D3F075001AE794 /* blocks.png in Resources */,
				84B4151314D3F075001AE794 /* level01.tmx in Resources */,
				84B4151914D3F588001AE794 /* NEUROPOL.ttf in Resources */,
				74B38E4414D48AAD0063B3C9 /* player.png in Resources */,
				74B38E6D14D4C4110063B3C9 /* hud.plist in Resources */,
				74949DF714D4C8A700F9BB5C /* hud.png in Resources */,
			);
			runOnlyForDeploymentPostprocessing = 0;
		};
		DCC1A25813A94EE6005BD75D /* Resources */ = {
			isa = PBXResourcesBuildPhase;
			buildActionMask = 2147483647;
			files = (
				DCC1A26913A94EE6005BD75D /* InfoPlist.strings in Resources */,
				DCC1A26C13A94EE6005BD75D /* MainMenu.xib in Resources */,
				DCC1A26E13A94EE6005BD75D /* fps_images.png in Resources */,
				DCC1A27013A94EE6005BD75D /* icon.icns in Resources */,
				DCC1A3B013A94F1A005BD75D /* config.lua in Resources */,
			);
			runOnlyForDeploymentPostprocessing = 0;
		};
/* End PBXResourcesBuildPhase section */

/* Begin PBXSourcesBuildPhase section */
		DCC1A0DF13A94ED5005BD75D /* Sources */ = {
			isa = PBXSourcesBuildPhase;
			buildActionMask = 2147483647;
			files = (
				DCC1A3AD13A94F1A005BD75D /* main.mm in Sources */,
				84B414E814D3E980001AE794 /* AppDelegate.mm in Sources */,
				84B414E914D3E980001AE794 /* ContactListener.mm in Sources */,
				84B414EA14D3E980001AE794 /* GameContext.mm in Sources */,
				84B414EB14D3E980001AE794 /* Level.mm in Sources */,
				84B414EC14D3E980001AE794 /* CollisionVolume.mm in Sources */,
				84B414ED14D3E980001AE794 /* Player.mm in Sources */,
				84B414EE14D3E980001AE794 /* PlayerActionContext.mm in Sources */,
				84B414EF14D3E980001AE794 /* GLES-Render.mm in Sources */,
				84B414F014D3E980001AE794 /* CollisionManager.mm in Sources */,
				84B414F114D3E980001AE794 /* ObjectManager.mm in Sources */,
				84B414F214D3E980001AE794 /* PhysicsLayer.mm in Sources */,
				84B4151614D3F49F001AE794 /* Menu.mm in Sources */,
				DCFA90F013B4F811009DD386 /* GameWorldLayer.m in Sources */,
				3323B13714D46ADF009A20C2 /* MoveAction.mm in Sources */,
				330810D314D4783700DBBBDC /* HUDLayer.mm in Sources */,
			);
			runOnlyForDeploymentPostprocessing = 0;
		};
		DCC1A25613A94EE6005BD75D /* Sources */ = {
			isa = PBXSourcesBuildPhase;
			buildActionMask = 2147483647;
			files = (
				DCC1A3AE13A94F1A005BD75D /* main.mm in Sources */,
			);
			runOnlyForDeploymentPostprocessing = 0;
		};
/* End PBXSourcesBuildPhase section */

/* Begin PBXVariantGroup section */
		DCC1A26713A94EE6005BD75D /* InfoPlist.strings */ = {
			isa = PBXVariantGroup;
			children = (
				DCC1A26813A94EE6005BD75D /* English */,
			);
			name = InfoPlist.strings;
			sourceTree = "<group>";
		};
		DCC1A26A13A94EE6005BD75D /* MainMenu.xib */ = {
			isa = PBXVariantGroup;
			children = (
				DCC1A26B13A94EE6005BD75D /* English */,
			);
			name = MainMenu.xib;
			sourceTree = "<group>";
		};
/* End PBXVariantGroup section */

/* Begin XCBuildConfiguration section */
		DCC1A0DD13A94EC0005BD75D /* Debug */ = {
			isa = XCBuildConfiguration;
			buildSettings = {
				LIBRARY_SEARCH_PATHS = "";
			};
			name = Debug;
		};
		DCC1A0DE13A94EC0005BD75D /* Release */ = {
			isa = XCBuildConfiguration;
			buildSettings = {
				LIBRARY_SEARCH_PATHS = "";
			};
			name = Release;
		};
		DCC1A25413A94ED7005BD75D /* Debug */ = {
			isa = XCBuildConfiguration;
			baseConfigurationReference = DCFA90EF13B4F6F7009DD35A /* BuildSettings-Debug-iOS.xcconfig */;
			buildSettings = {
				LIBRARY_SEARCH_PATHS = (
					"$(inherited)",
					"\"$(SRCROOT)/../__Kobold2D__/libs/GoogleAdMobAdsSDK\"",
				);
				USER_HEADER_SEARCH_PATHS = "$(inherited) $(KOBOLD2D) $(CHIPSPACE) $(COCOS2D) $(COCOS2D_REST) $COCOS2D_EXTENSIONS $(COCOS3D) $(COCOSDENSHION) $(CHIPMUNK) $(OBJECTAL) $(VTPG) $(WAX) $(SNEAKYINPUT) $(ADMOB) $(FONTLABEL) \"${PROJECT_DIR}/../__Kobold2D__/** \"${PROJECT_DIR}/../__Kobold2D__/** \"${PROJECT_DIR}/../__Kobold2D__/** \"${PROJECT_DIR}/../__Kobold2D__/** \"${PROJECT_DIR}/../__Kobold2D__/**";
			};
			name = Debug;
		};
		DCC1A25513A94ED7005BD75D /* Release */ = {
			isa = XCBuildConfiguration;
			baseConfigurationReference = DCFA90F013B4F811009DD35A /* BuildSettings-Release-iOS.xcconfig */;
			buildSettings = {
				LIBRARY_SEARCH_PATHS = (
					"$(inherited)",
					"\"$(SRCROOT)/../__Kobold2D__/libs/GoogleAdMobAdsSDK\"",
				);
			};
			name = Release;
		};
		DCC1A38A13A94EE7005BD75D /* Debug */ = {
			isa = XCBuildConfiguration;
			baseConfigurationReference = DC9C33E713B5024400931BF2 /* BuildSettings-Debug-Mac.xcconfig */;
			buildSettings = {
			};
			name = Debug;
		};
		DCC1A38B13A94EE7005BD75D /* Release */ = {
			isa = XCBuildConfiguration;
			baseConfigurationReference = DC9C33E913B5024400931BF2 /* BuildSettings-Release-Mac.xcconfig */;
			buildSettings = {
			};
			name = Release;
		};
/* End XCBuildConfiguration section */

/* Begin XCConfigurationList section */
		DCC1A0DB13A94EC0005BD75D /* Build configuration list for PBXProject "Spectrum-Slider" */ = {
			isa = XCConfigurationList;
			buildConfigurations = (
				DCC1A0DD13A94EC0005BD75D /* Debug */,
				DCC1A0DE13A94EC0005BD75D /* Release */,
			);
			defaultConfigurationIsVisible = 0;
			defaultConfigurationName = Release;
		};
		DCC1A25313A94ED7005BD75D /* Build configuration list for PBXNativeTarget "Spectrum-Slider-iOS" */ = {
			isa = XCConfigurationList;
			buildConfigurations = (
				DCC1A25413A94ED7005BD75D /* Debug */,
				DCC1A25513A94ED7005BD75D /* Release */,
			);
			defaultConfigurationIsVisible = 0;
			defaultConfigurationName = Release;
		};
		DCC1A38913A94EE7005BD75D /* Build configuration list for PBXNativeTarget "Spectrum-Slider-Mac" */ = {
			isa = XCConfigurationList;
			buildConfigurations = (
				DCC1A38A13A94EE7005BD75D /* Debug */,
				DCC1A38B13A94EE7005BD75D /* Release */,
			);
			defaultConfigurationIsVisible = 0;
			defaultConfigurationName = Release;
		};
/* End XCConfigurationList section */
	};
	rootObject = DCC1A0D813A94EC0005BD75D /* Project object */;
}
